absl-py==2.5.0
alabaster==1.0.0
anesthetic==2.16.0
array-api-compat==1.15.0
astropy==8.0.1
astropy-iers-data==0.2026.9.28.0.59.37
asttokens==3.0.2
astunparse==1.6.3
autoarray==9999.0.0.dev0
autocti==9999.0.0.dev0
autofit==9999.0.0.dev0
autogalaxy==9999.0.0.dev0
autolens==9999.0.0.dev0
autonerves==9999.0.0.dev0
babel==2.18.0
certifi==2026.7.22
charset-normalizer==3.5.2
cloudpickle==3.1.2
contourpy==1.4.0
corner==2.2.2
cycler==0.12.1
decorator==5.3.1
dill==0.4.1
docutils==0.22.4
dynesty==2.1.5
emcee==3.1.6
executing==2.2.1
fonttools==4.66.1
gprof2dot==2021.2.21
greenlet==3.5.6
h5py==3.16.0
idna==3.20
ImageIO==2.38.0
imagesize==2.0.1
iniconfig==2.3.0
ipython==9.12.0
ipython_pygments_lexers==1.1.1
jax==0.11.2
jax_zero_contour==2.0.0
jaxlib==0.11.2
jaxnnls==1.0.1
jedi==0.20.0
Jinja2==3.1.6
joblib==1.6.0
jsonpickle==4.1.2
kiwisolver==1.5.1
lazy-loader==0.6
llvmlite==0.50.0
MarkupSafe==3.0.3
matplotlib==3.11.2
matplotlib-inline==0.2.2
ml_dtypes==0.6.0
mypy_extensions==1.1.0
nautilus-sampler==1.0.5
networkx==3.1
numba==0.68.0
numpy==2.5.3
numpydoc==1.11.0
opt_einsum==3.4.0
optax==0.2.8
packaging==26.3
pandas==3.0.6
parso==0.8.7
pexpect==4.9.0
pillow==12.3.0
pluggy==1.6.0
prompt_toolkit==3.0.53
psutil==6.1.0
ptyprocess==0.7.0
pure_eval==0.2.4
pyerfa==2.0.1.5
Pygments==2.21.0
pyparsing==3.3.3
pytest==9.1.1
python-dateutil==2.9.0.post0
pyvis==0.3.2
PyYAML==6.0.3
requests==2.34.2
roman-numerals==4.1.0
scikit-image==0.26.0
scikit-learn==1.8.0
scipy==1.17.1
six==1.17.0
snowballstemmer==3.1.1
Sphinx==9.1.0
sphinxcontrib-applehelp==2.0.0
sphinxcontrib-devhelp==2.0.0
sphinxcontrib-htmlhelp==2.1.0
sphinxcontrib-jsmath==1.0.1
sphinxcontrib-qthelp==2.0.0
sphinxcontrib-serializinghtml==2.0.0
SQLAlchemy==2.0.54
stack-data==0.6.3
threadpoolctl==3.7.0
tifffile==2026.9.20
timeout-decorator==0.5.0
tqdm==4.70.1
traitlets==5.16.1
typing-inspect==0.9.0
typing_extensions==4.16.0
urllib3==2.8.0
wcwidth==0.9.1
wheel==0.48.0
xxhash==3.4.1
