# Prompt freeze, append-only. One entry per published version of a one-shot
# card's prompt: `benchmark.py freeze-check` (and the test suite) require a
# card's frontmatter `prompt_sha256` to equal the sha256 of its stripped prompt
# text and to match the LAST entry here. Editing a published prompt therefore
# means bumping `version:` and appending a new entry — never rewriting one.
oneshot-smoke:
  - version: 1
    prompt_sha256: a8b88b8dbe674653ea0385b8f795d2afd89709089401a6f5d6b6cc2cca108089
cosmos-web-ring-fit:
  - version: 1
    prompt_sha256: 4e768e7f230f0438ccb91bec63446fd8c8674a06eeb202e22af4256c322bfdb4
positions_initialised_inference:
  - version: 1
    prompt_sha256: f80d6a80f6bbf4dada023afae0a50264576db5dda05c71f4b51c8f794186c84c
forward_model_consistency:
  - version: 1
    prompt_sha256: 59eaa5f85976add1a52a7aebe92108499144b0e1a4a1c93fe7f42e5b6a79c694
